// !$*UTF8*$!
{
	archiveVersion = 1;
	classes = {
	};
	objectVersion = 46;
	objects = {

/* Begin PBXBuildFile section */
		8DD76F650486A84900D96B5E /* main.cpp in Sources */ = {isa = PBXBuildFile; fileRef = 08FB7796FE84155DC02AAC07 /* main.cpp */; settings = {ATTRIBUTES = (); }; };
		8DD76F6A0486A84900D96B5E /* PlanetGenerator.1 in CopyFiles */ = {isa = PBXBuildFile; fileRef = C6859E8B029090EE04C91782 /* PlanetGenerator.1 */; };
		E0C97A5510DAF72D00775D7A /* GLUT.framework in Frameworks */ = {isa = PBXBuildFile; fileRef = E0C97A5410DAF72D00775D7A /* GLUT.framework */; };
		E0C97A5710DAF72D00775D7A /* OpenGL.framework in Frameworks */ = {isa = PBXBuildFile; fileRef = E0C97A5610DAF72D00775D7A /* OpenGL.framework */; };
		E0C97A6210DAF76B00775D7A /* BasicMath.cpp in Sources */ = {isa = PBXBuildFile; fileRef = E0C97A5810DAF76B00775D7A /* BasicMath.cpp */; };
		E0C97A6310DAF76B00775D7A /* ParticleTerrain.cpp in Sources */ = {isa = PBXBuildFile; fileRef = E0C97A5A10DAF76B00775D7A /* ParticleTerrain.cpp */; };
		E0C97A6410DAF76B00775D7A /* Planet.cpp in Sources */ = {isa = PBXBuildFile; fileRef = E0C97A5C10DAF76B00775D7A /* Planet.cpp */; };
		E0C97A6510DAF76B00775D7A /* Vector3.cpp in Sources */ = {isa = PBXBuildFile; fileRef = E0C97A5E10DAF76B00775D7A /* Vector3.cpp */; };
		E0C97A6610DAF76B00775D7A /* Vector4.cpp in Sources */ = {isa = PBXBuildFile; fileRef = E0C97A6010DAF76B00775D7A /* Vector4.cpp */; };
/* End PBXBuildFile section */

/* Begin PBXCopyFilesBuildPhase section */
		8DD76F690486A84900D96B5E /* CopyFiles */ = {
			isa = PBXCopyFilesBuildPhase;
			buildActionMask = 8;
			dstPath = /usr/share/man/man1/;
			dstSubfolderSpec = 0;
			files = (
				8DD76F6A0486A84900D96B5E /* PlanetGenerator.1 in CopyFiles */,
			);
			runOnlyForDeploymentPostprocessing = 1;
		};
/* End PBXCopyFilesBuildPhase section */

/* Begin PBXFileReference section */
		08FB7796FE84155DC02AAC07 /* main.cpp */ = {isa = PBXFileReference; fileEncoding = 4; lastKnownFileType = sourcecode.cpp.cpp; path = main.cpp; sourceTree = "<group>"; };
		8DD76F6C0486A84900D96B5E /* PlanetGenerator */ = {isa = PBXFileReference; explicitFileType = "compiled.mach-o.executable"; includeInIndex = 0; path = PlanetGenerator; sourceTree = BUILT_PRODUCTS_DIR; };
		C6859E8B029090EE04C91782 /* PlanetGenerator.1 */ = {isa = PBXFileReference; lastKnownFileType = text.man; path = PlanetGenerator.1; sourceTree = "<group>"; };
		E0C97A5410DAF72D00775D7A /* GLUT.framework */ = {isa = PBXFileReference; lastKnownFileType = wrapper.framework; name = GLUT.framework; path = /System/Library/Frameworks/GLUT.framework; sourceTree = "<absolute>"; };
		E0C97A5610DAF72D00775D7A /* OpenGL.framework */ = {isa = PBXFileReference; lastKnownFileType = wrapper.framework; name = OpenGL.framework; path = /System/Library/Frameworks/OpenGL.framework; sourceTree = "<absolute>"; };
		E0C97A5810DAF76B00775D7A /* BasicMath.cpp */ = {isa = PBXFileReference; fileEncoding = 4; lastKnownFileType = sourcecode.cpp.cpp; path = BasicMath.cpp; sourceTree = "<group>"; };
		E0C97A5910DAF76B00775D7A /* BasicMath.h */ = {isa = PBXFileReference; fileEncoding = 4; lastKnownFileType = sourcecode.c.h; path = BasicMath.h; sourceTree = "<group>"; };
		E0C97A5A10DAF76B00775D7A /* ParticleTerrain.cpp */ = {isa = PBXFileReference; fileEncoding = 4; lastKnownFileType = sourcecode.cpp.cpp; path = ParticleTerrain.cpp; sourceTree = "<group>"; };
		E0C97A5B10DAF76B00775D7A /* ParticleTerrain.h */ = {isa = PBXFileReference; fileEncoding = 4; lastKnownFileType = sourcecode.c.h; path = ParticleTerrain.h; sourceTree = "<group>"; };
		E0C97A5C10DAF76B00775D7A /* Planet.cpp */ = {isa = PBXFileReference; fileEncoding = 4; lastKnownFileType = sourcecode.cpp.cpp; path = Planet.cpp; sourceTree = "<group>"; };
		E0C97A5D10DAF76B00775D7A /* Planet.h */ = {isa = PBXFileReference; fileEncoding = 4; lastKnownFileType = sourcecode.c.h; path = Planet.h; sourceTree = "<group>"; };
		E0C97A5E10DAF76B00775D7A /* Vector3.cpp */ = {isa = PBXFileReference; fileEncoding = 4; lastKnownFileType = sourcecode.cpp.cpp; path = Vector3.cpp; sourceTree = "<group>"; };
		E0C97A5F10DAF76B00775D7A /* Vector3.h */ = {isa = PBXFileReference; fileEncoding = 4; lastKnownFileType = sourcecode.c.h; path = Vector3.h; sourceTree = "<group>"; };
		E0C97A6010DAF76B00775D7A /* Vector4.cpp */ = {isa = PBXFileReference; fileEncoding = 4; lastKnownFileType = sourcecode.cpp.cpp; path = Vector4.cpp; sourceTree = "<group>"; };
		E0C97A6110DAF76B00775D7A /* Vector4.h */ = {isa = PBXFileReference; fileEncoding = 4; lastKnownFileType = sourcecode.c.h; path = Vector4.h; sourceTree = "<group>"; };
/* End PBXFileReference section */

/* Begin PBXFrameworksBuildPhase section */
		8DD76F660486A84900D96B5E /* Frameworks */ = {
			isa = PBXFrameworksBuildPhase;
			buildActionMask = 2147483647;
			files = (
				E0C97A5510DAF72D00775D7A /* GLUT.framework in Frameworks */,
				E0C97A5710DAF72D00775D7A /* OpenGL.framework in Frameworks */,
			);
			runOnlyForDeploymentPostprocessing = 0;
		};
/* End PBXFrameworksBuildPhase section */

/* Begin PBXGroup section */
		08FB7794FE84155DC02AAC07 /* PlanetGenerator */ = {
			isa = PBXGroup;
			children = (
				08FB7795FE84155DC02AAC07 /* Source */,
				C6859E8C029090F304C91782 /* Documentation */,
				1AB674ADFE9D54B511CA2CBB /* Products */,
				E0C97A5410DAF72D00775D7A /* GLUT.framework */,
				E0C97A5610DAF72D00775D7A /* OpenGL.framework */,
			);
			name = PlanetGenerator;
			sourceTree = "<group>";
		};
		08FB7795FE84155DC02AAC07 /* Source */ = {
			isa = PBXGroup;
			children = (
				E0C97A5810DAF76B00775D7A /* BasicMath.cpp */,
				E0C97A5910DAF76B00775D7A /* BasicMath.h */,
				E0C97A5A10DAF76B00775D7A /* ParticleTerrain.cpp */,
				E0C97A5B10DAF76B00775D7A /* ParticleTerrain.h */,
				E0C97A5C10DAF76B00775D7A /* Planet.cpp */,
				E0C97A5D10DAF76B00775D7A /* Planet.h */,
				E0C97A5E10DAF76B00775D7A /* Vector3.cpp */,
				E0C97A5F10DAF76B00775D7A /* Vector3.h */,
				E0C97A6010DAF76B00775D7A /* Vector4.cpp */,
				E0C97A6110DAF76B00775D7A /* Vector4.h */,
				08FB7796FE84155DC02AAC07 /* main.cpp */,
			);
			name = Source;
			sourceTree = "<group>";
		};
		1AB674ADFE9D54B511CA2CBB /* Products */ = {
			isa = PBXGroup;
			children = (
				8DD76F6C0486A84900D96B5E /* PlanetGenerator */,
			);
			name = Products;
			sourceTree = "<group>";
		};
		C6859E8C029090F304C91782 /* Documentation */ = {
			isa = PBXGroup;
			children = (
				C6859E8B029090EE04C91782 /* PlanetGenerator.1 */,
			);
			name = Documentation;
			sourceTree = "<group>";
		};
/* End PBXGroup section */

/* Begin PBXNativeTarget section */
		8DD76F620486A84900D96B5E /* PlanetGenerator */ = {
			isa = PBXNativeTarget;
			buildConfigurationList = 1DEB923108733DC60010E9CD /* Build configuration list for PBXNativeTarget "PlanetGenerator" */;
			buildPhases = (
				8DD76F640486A84900D96B5E /* Sources */,
				8DD76F660486A84900D96B5E /* Frameworks */,
				8DD76F690486A84900D96B5E /* CopyFiles */,
			);
			buildRules = (
			);
			dependencies = (
			);
			name = PlanetGenerator;
			productInstallPath = "$(HOME)/bin";
			productName = PlanetGenerator;
			productReference = 8DD76F6C0486A84900D96B5E /* PlanetGenerator */;
			productType = "com.apple.product-type.tool";
		};
/* End PBXNativeTarget section */

/* Begin PBXProject section */
		08FB7793FE84155DC02AAC07 /* Project object */ = {
			isa = PBXProject;
			attributes = {
				LastUpgradeCheck = 0600;
			};
			buildConfigurationList = 1DEB923508733DC60010E9CD /* Build configuration list for PBXProject "PlanetGenerator" */;
			compatibilityVersion = "Xcode 3.2";
			developmentRegion = English;
			hasScannedForEncodings = 1;
			knownRegions = (
				en,
			);
			mainGroup = 08FB7794FE84155DC02AAC07 /* PlanetGenerator */;
			projectDirPath = "";
			projectRoot = "";
			targets = (
				8DD76F620486A84900D96B5E /* PlanetGenerator */,
			);
		};
/* End PBXProject section */

/* Begin PBXSourcesBuildPhase section */
		8DD76F640486A84900D96B5E /* Sources */ = {
			isa = PBXSourcesBuildPhase;
			buildActionMask = 2147483647;
			files = (
				8DD76F650486A84900D96B5E /* main.cpp in Sources */,
				E0C97A6210DAF76B00775D7A /* BasicMath.cpp in Sources */,
				E0C97A6310DAF76B00775D7A /* ParticleTerrain.cpp in Sources */,
				E0C97A6410DAF76B00775D7A /* Planet.cpp in Sources */,
				E0C97A6510DAF76B00775D7A /* Vector3.cpp in Sources */,
				E0C97A6610DAF76B00775D7A /* Vector4.cpp in Sources */,
			);
			runOnlyForDeploymentPostprocessing = 0;
		};
/* End PBXSourcesBuildPhase section */

/* Begin XCBuildConfiguration section */
		1DEB923208733DC60010E9CD /* Debug */ = {
			isa = XCBuildConfiguration;
			buildSettings = {
				ALWAYS_SEARCH_USER_PATHS = NO;
				COPY_PHASE_STRIP = NO;
				GCC_DYNAMIC_NO_PIC = NO;
				GCC_ENABLE_FIX_AND_CONTINUE = YES;
				GCC_MODEL_TUNING = G5;
				GCC_OPTIMIZATION_LEVEL = 0;
				GCC_PREPROCESSOR_DEFINITIONS = (
					"_GLIBCXX_DEBUG=1",
					"_GLIBCXX_DEBUG_PEDANTIC=1",
				);
				INSTALL_PATH = /usr/local/bin;
				PRODUCT_NAME = PlanetGenerator;
			};
			name = Debug;
		};
		1DEB923308733DC60010E9CD /* Release */ = {
			isa = XCBuildConfiguration;
			buildSettings = {
				ALWAYS_SEARCH_USER_PATHS = NO;
				DEBUG_INFORMATION_FORMAT = "dwarf-with-dsym";
				GCC_MODEL_TUNING = G5;
				INSTALL_PATH = /usr/local/bin;
				PRODUCT_NAME = PlanetGenerator;
			};
			name = Release;
		};
		1DEB923608733DC60010E9CD /* Debug */ = {
			isa = XCBuildConfiguration;
			buildSettings = {
				GCC_C_LANGUAGE_STANDARD = gnu99;
				GCC_OPTIMIZATION_LEVEL = 0;
				GCC_WARN_ABOUT_RETURN_TYPE = YES;
				GCC_WARN_UNUSED_VARIABLE = YES;
				ONLY_ACTIVE_ARCH = YES;
				PREBINDING = NO;
				SDKROOT = macosx;
			};
			name = Debug;
		};
		1DEB923708733DC60010E9CD /* Release */ = {
			isa = XCBuildConfiguration;
			buildSettings = {
				GCC_C_LANGUAGE_STANDARD = gnu99;
				GCC_WARN_ABOUT_RETURN_TYPE = YES;
				GCC_WARN_UNUSED_VARIABLE = YES;
				PREBINDING = NO;
				SDKROOT = macosx;
			};
			name = Release;
		};
/* End XCBuildConfiguration section */

/* Begin XCConfigurationList section */
		1DEB923108733DC60010E9CD /* Build configuration list for PBXNativeTarget "PlanetGenerator" */ = {
			isa = XCConfigurationList;
			buildConfigurations = (
				1DEB923208733DC60010E9CD /* Debug */,
				1DEB923308733DC60010E9CD /* Release */,
			);
			defaultConfigurationIsVisible = 0;
			defaultConfigurationName = Release;
		};
		1DEB923508733DC60010E9CD /* Build configuration list for PBXProject "PlanetGenerator" */ = {
			isa = XCConfigurationList;
			buildConfigurations = (
				1DEB923608733DC60010E9CD /* Debug */,
				1DEB923708733DC60010E9CD /* Release */,
			);
			defaultConfigurationIsVisible = 0;
			defaultConfigurationName = Release;
		};
/* End XCConfigurationList section */
	};
	rootObject = 08FB7793FE84155DC02AAC07 /* Project object */;
}
